
Microsoft Visual Studio Solution File, Format Version 12.00
# Visual Studio Version 17
VisualStudioVersion = 17.7.34202.233
MinimumVisualStudioVersion = 10.0.40219.1
Project("{FAE04EC0-301F-11D3-BF4B-00C04F79EFBC}") = "Model", "Model\Model.csproj", "{C50BB1BC-25F5-4315-AE64-2CB72F7EEF9A}"
EndProject
Project("{FAE04EC0-301F-11D3-BF4B-00C04F79EFBC}") = "ViewModel", "ViewModel\ViewModel.csproj", "{B674D298-C1ED-40E7-85E2-3D7692C935E1}"
EndProject
Project("{FAE04EC0-301F-11D3-BF4B-00C04F79EFBC}") = "ServiceModel", "ServiceModel\ServiceModel.csproj", "{1C52E10F-1046-4C86-A8C4-3EA97168F686}"
EndProject
Project("{FAE04EC0-301F-11D3-BF4B-00C04F79EFBC}") = "Host", "Host\Host.csproj", "{F40E8F9A-3944-4473-86AA-3A4B3A2F864F}"
EndProject
Global
	GlobalSection(SolutionConfigurationPlatforms) = preSolution
		Debug|Any CPU = Debug|Any CPU
		Release|Any CPU = Release|Any CPU
	EndGlobalSection
	GlobalSection(ProjectConfigurationPlatforms) = postSolution
		{C50BB1BC-25F5-4315-AE64-2CB72F7EEF9A}.Debug|Any CPU.ActiveCfg = Debug|Any CPU
		{C50BB1BC-25F5-4315-AE64-2CB72F7EEF9A}.Debug|Any CPU.Build.0 = Debug|Any CPU
		{C50BB1BC-25F5-4315-AE64-2CB72F7EEF9A}.Release|Any CPU.ActiveCfg = Release|Any CPU
		{C50BB1BC-25F5-4315-AE64-2CB72F7EEF9A}.Release|Any CPU.Build.0 = Release|Any CPU
		{B674D298-C1ED-40E7-85E2-3D7692C935E1}.Debug|Any CPU.ActiveCfg = Debug|Any CPU
		{B674D298-C1ED-40E7-85E2-3D7692C935E1}.Debug|Any CPU.Build.0 = Debug|Any CPU
		{B674D298-C1ED-40E7-85E2-3D7692C935E1}.Release|Any CPU.ActiveCfg = Release|Any CPU
		{B674D298-C1ED-40E7-85E2-3D7692C935E1}.Release|Any CPU.Build.0 = Release|Any CPU
		{1C52E10F-1046-4C86-A8C4-3EA97168F686}.Debug|Any CPU.ActiveCfg = Debug|Any CPU
		{1C52E10F-1046-4C86-A8C4-3EA97168F686}.Debug|Any CPU.Build.0 = Debug|Any CPU
		{1C52E10F-1046-4C86-A8C4-3EA97168F686}.Release|Any CPU.ActiveCfg = Release|Any CPU
		{1C52E10F-1046-4C86-A8C4-3EA97168F686}.Release|Any CPU.Build.0 = Release|Any CPU
		{F40E8F9A-3944-4473-86AA-3A4B3A2F864F}.Debug|Any CPU.ActiveCfg = Debug|Any CPU
		{F40E8F9A-3944-4473-86AA-3A4B3A2F864F}.Debug|Any CPU.Build.0 = Debug|Any CPU
		{F40E8F9A-3944-4473-86AA-3A4B3A2F864F}.Release|Any CPU.ActiveCfg = Release|Any CPU
		{F40E8F9A-3944-4473-86AA-3A4B3A2F864F}.Release|Any CPU.Build.0 = Release|Any CPU
	EndGlobalSection
	GlobalSection(SolutionProperties) = preSolution
		HideSolutionNode = FALSE
	EndGlobalSection
	GlobalSection(ExtensibilityGlobals) = postSolution
		SolutionGuid = {F322ECB0-E040-41C0-8BFA-06F5C2F4D160}
	EndGlobalSection
EndGlobal
